metadata:
    version: "1.0"
artifacts:
    - download_url: https://github.com/hermetoproject/cachi2/archive/refs/tags/0.1.0.tar.gz
      checksum: "sha256:2cdd9271f5bde6eeee56dda7f0fbb73b9a28b74bb0784d9e3170422b234ebd82"
    - download_url: https://github.com/hermetoproject/cachi2/archive/refs/tags/0.2.0.tar.gz
      filename: archive.tar.gz
      checksum: "sha256:69aafdd7dcf13ceaa0621be9341bba4a70ea635ef1a2578abc0ce7847e7ddc70"
