---
lockfileVersion: 1
lockfileVendor: redhat
arches:
- arch: x86_64
  packages:
  - url: https://cdn-ubi.redhat.com/content/public/ubi/dist/ubi9/9/x86_64/appstream/os/Packages/g/gpm-libs-1.20.7-29.el9.x86_64.rpm
    repoid: ubi-9-appstream-rpms
    size: 23036
    checksum: sha256:fc3455407e79462bfd944eea5d11d19186ad741be5a83e7ac1720fc181e3cc90
    name: gpm-libs
    evr: 1.20.7-29.el9
    sourcerpm: gpm-1.20.7-29.el9.src.rpm
  - url: https://cdn-ubi.redhat.com/content/public/ubi/dist/ubi9/9/x86_64/appstream/os/Packages/v/vim-common-8.2.2637-22.el9_6.x86_64.rpm
    repoid: ubi-9-appstream-rpms
    size: 7345546
    checksum: sha256:2204d3adc043d761081a2d39c75004ec4880dfc29de755c58d5fa4e15c81d3c3
    name: vim-common
    evr: 2:8.2.2637-22.el9_6
    sourcerpm: vim-8.2.2637-22.el9_6.src.rpm
  - url: https://cdn-ubi.redhat.com/content/public/ubi/dist/ubi9/9/x86_64/appstream/os/Packages/v/vim-enhanced-8.2.2637-22.el9_6.x86_64.rpm
    repoid: ubi-9-appstream-rpms
    size: 1833149
    checksum: sha256:aed2e552a0721e5d260362bc4013691a4cd722664e6cb6c93d70ddaf1548fd57
    name: vim-enhanced
    evr: 2:8.2.2637-22.el9_6
    sourcerpm: vim-8.2.2637-22.el9_6.src.rpm
  - url: https://cdn-ubi.redhat.com/content/public/ubi/dist/ubi9/9/x86_64/baseos/os/Packages/v/vim-filesystem-8.2.2637-22.el9_6.noarch.rpm
    repoid: ubi-9-baseos-rpms
    size: 17723
    checksum: sha256:744aceed764a5a4f5e4f12a70237ff74cb93c375aabffe4dc245e474628775c2
    name: vim-filesystem
    evr: 2:8.2.2637-22.el9_6
    sourcerpm: vim-8.2.2637-22.el9_6.src.rpm
  source: []
  module_metadata: []
