# This file is generated by running "yarn install" inside your project.
# Manual changes might be lost - proceed with caution!

__metadata:
  version: 6
  cacheKey: 8

"@types/node@npm:*, @types/node@npm:^20.4.5":
  version: 20.4.5
  resolution: "@types/node@npm:20.4.5"
  checksum: 36a0304a8dc346a1b2d2edac4c4633eecf70875793d61a5274d0df052d7a7af7a8e34f29884eac4fbd094c4f0201477dcb39c0ecd3307ca141688806538d1138
  languageName: node
  linkType: hard

"@types/proxy-from-env@npm:^1":
  version: 1.0.1
  resolution: "@types/proxy-from-env@npm:1.0.1"
  dependencies:
    "@types/node": "*"
  checksum: 72d04675fc7107d4a1d4a2ca56773d0caf23bdd48fa45b96b72b199f33f54854164b994c45f549214c51227f8bb9ae4e189e48d74a4a46b668fd4210bf97f8c0
  languageName: node
  linkType: hard

"@types/yargs-parser@npm:*":
  version: 21.0.0
  resolution: "@types/yargs-parser@npm:21.0.0"
  checksum: b2f4c8d12ac18a567440379909127cf2cec393daffb73f246d0a25df36ea983b93b7e9e824251f959e9f928cbc7c1aab6728d0a0ff15d6145f66cec2be67d9a2
  languageName: node
  linkType: hard

"@types/yargs@npm:^17":
  version: 17.0.24
  resolution: "@types/yargs@npm:17.0.24"
  dependencies:
    "@types/yargs-parser": "*"
  checksum: 5f3ac4dc4f6e211c1627340160fbe2fd247ceba002190da6cf9155af1798450501d628c9165a183f30a224fc68fa5e700490d740ff4c73e2cdef95bc4e8ba7bf
  languageName: node
  linkType: hard

"ansi-regex-link@link:external-packages/ansi-regex::locator=berryscary%40workspace%3A.":
  version: 0.0.0-use.local
  resolution: "ansi-regex-link@link:external-packages/ansi-regex::locator=berryscary%40workspace%3A."
  languageName: node
  linkType: soft

"ansi-regex@npm:^3.0.0":
  version: 3.0.1
  resolution: "ansi-regex@npm:3.0.1"
  checksum: 09daf180c5f59af9850c7ac1bd7fda85ba596cc8cbeb210826e90755f06c818af86d9fa1e6e8322fab2c3b9e9b03f56c537b42241139f824dd75066a1e7257cc
  languageName: node
  linkType: hard

"ansi-regex@npm:^5.0.1":
  version: 5.0.1
  resolution: "ansi-regex@npm:5.0.1"
  checksum: 2aa4bb54caf2d622f1afdad09441695af2a83aa3fe8b8afa581d205e57ed4261c183c4d3877cee25794443fde5876417d859c108078ab788d6af7e4fe52eb66b
  languageName: node
  linkType: hard

"ansi-styles@npm:^4.0.0":
  version: 4.3.0
  resolution: "ansi-styles@npm:4.3.0"
  dependencies:
    color-convert: ^2.0.1
  checksum: 513b44c3b2105dd14cc42a19271e80f386466c4be574bccf60b627432f9198571ebf4ab1e4c3ba17347658f4ee1711c163d574248c0c1cdc2d5917a0ad582ec4
  languageName: node
  linkType: hard

"berryscary@workspace:., berryscary@workspace:^":
  version: 0.0.0-use.local
  resolution: "berryscary@workspace:."
  dependencies:
    "@types/node": ^20.4.5
    "@types/yargs": ^17
    ansi-regex-link: "link:external-packages/ansi-regex"
    c2-wo-deps: "https://bitbucket.org/cachi-testing/cachi2-without-deps.git"
    ccto-wo-deps: "git@github.com:cachito-testing/cachito-npm-without-deps.git"
    date-in-spanish: "npm:fecha@latest"
    holy-hand-grenade: "exec:./generate-holy-hand-grenade.js"
    is-positive: "github:kevva/is-positive"
    left-pad: "patch:left-pad@1.3.0#./my-patches/left-pad.patch"
    old-man-from-scene-24: "workspace:^"
    once-portal: "portal:external-packages/once"
    strip-ansi-tarball: "file:external-packages/strip-ansi-4.0.0.tgz"
    supports-hyperlinks-folder: "file:external-packages/supports-hyperlinks"
    typescript: ^5.1.6
    yargs: ^17.7.2
  bin:
    berryscary: dist/app.js
  languageName: unknown
  linkType: soft

"c2-wo-deps@https://bitbucket.org/cachi-testing/cachi2-without-deps.git":
  version: 1.0.0
  resolution: "c2-wo-deps@https://bitbucket.org/cachi-testing/cachi2-without-deps.git#commit=9e164b97043a2d91bbeb992f6cc68a3d1015086a"
  checksum: 7af2e8eaba7023b13131489b6b8e6ebb1e2f07fcec6e2ac4a521be4bac29edc8f6e5e90cb3dd5e68fe7903a0ee2814deb5a1a7b975ff6c575b812daeac4996ec
  languageName: node
  linkType: hard

"ccto-wo-deps@git@github.com:cachito-testing/cachito-npm-without-deps.git":
  version: 1.0.0
  resolution: "ccto-wo-deps@git@github.com:cachito-testing/cachito-npm-without-deps.git#commit=2f0ce1d7b1f8b35572d919428b965285a69583f6"
  checksum: 3ed9ea417c75a1999925159e67cf04bf2d522967692a55321559ef2b353fa690167b7bc40e989e4ee35e36d095f007f2d0c53faeb55f14d07ec3ece34faba206
  languageName: node
  linkType: hard

"cliui@npm:^8.0.1":
  version: 8.0.1
  resolution: "cliui@npm:8.0.1"
  dependencies:
    string-width: ^4.2.0
    strip-ansi: ^6.0.1
    wrap-ansi: ^7.0.0
  checksum: 79648b3b0045f2e285b76fb2e24e207c6db44323581e421c3acbd0e86454cba1b37aea976ab50195a49e7384b871e6dfb2247ad7dec53c02454ac6497394cb56
  languageName: node
  linkType: hard

"color-convert@npm:^2.0.1":
  version: 2.0.1
  resolution: "color-convert@npm:2.0.1"
  dependencies:
    color-name: ~1.1.4
  checksum: 79e6bdb9fd479a205c71d89574fccfb22bd9053bd98c6c4d870d65c132e5e904e6034978e55b43d69fcaa7433af2016ee203ce76eeba9cfa554b373e7f7db336
  languageName: node
  linkType: hard

"color-name@npm:~1.1.4":
  version: 1.1.4
  resolution: "color-name@npm:1.1.4"
  checksum: b0445859521eb4021cd0fb0cc1a75cecf67fceecae89b63f62b201cca8d345baf8b952c966862a9d9a2632987d4f6581f0ec8d957dfacece86f0a7919316f610
  languageName: node
  linkType: hard

"date-in-spanish@npm:fecha@latest":
  version: 4.2.3
  resolution: "fecha@npm:4.2.3"
  checksum: f94e2fb3acf5a7754165d04549460d3ae6c34830394d20c552197e3e000035d69732d74af04b9bed3283bf29fe2a9ebdcc0085e640b0be3cc3658b9726265e31
  languageName: node
  linkType: hard

"emoji-regex@npm:^8.0.0":
  version: 8.0.0
  resolution: "emoji-regex@npm:8.0.0"
  checksum: d4c5c39d5a9868b5fa152f00cada8a936868fd3367f33f71be515ecee4c803132d11b31a6222b2571b1e5f7e13890156a94880345594d0ce7e3c9895f560f192
  languageName: node
  linkType: hard

"escalade@npm:^3.1.1":
  version: 3.1.1
  resolution: "escalade@npm:3.1.1"
  checksum: a3e2a99f07acb74b3ad4989c48ca0c3140f69f923e56d0cba0526240ee470b91010f9d39001f2a4a313841d237ede70a729e92125191ba5d21e74b106800b133
  languageName: node
  linkType: hard

"get-caller-file@npm:^2.0.5":
  version: 2.0.5
  resolution: "get-caller-file@npm:2.0.5"
  checksum: b9769a836d2a98c3ee734a88ba712e62703f1df31b94b784762c433c27a386dd6029ff55c2a920c392e33657d80191edbf18c61487e198844844516f843496b9
  languageName: node
  linkType: hard

"has-flag@npm:^4.0.0":
  version: 4.0.0
  resolution: "has-flag@npm:4.0.0"
  checksum: 261a1357037ead75e338156b1f9452c016a37dcd3283a972a30d9e4a87441ba372c8b81f818cd0fbcd9c0354b4ae7e18b9e1afa1971164aef6d18c2b6095a8ad
  languageName: node
  linkType: hard

"holy-hand-grenade@exec:./generate-holy-hand-grenade.js::locator=berryscary%40workspace%3A.":
  version: 1.0.0
  resolution: "holy-hand-grenade@exec:./generate-holy-hand-grenade.js#./generate-holy-hand-grenade.js::hash=3b5cbd&locator=berryscary%40workspace%3A."
  checksum: 6053ad5dc79d8fedfdc528e1bf75e3f4a1a4558a8184f55589e1e54ab8819f5111ffc1812333906cfcfa05fdd3e81d9b65191d1a093066f3a3f479a61c626be9
  languageName: node
  linkType: hard

"is-fullwidth-code-point@npm:^3.0.0":
  version: 3.0.0
  resolution: "is-fullwidth-code-point@npm:3.0.0"
  checksum: 44a30c29457c7fb8f00297bce733f0a64cd22eca270f83e58c105e0d015e45c019491a4ab2faef91ab51d4738c670daff901c799f6a700e27f7314029e99e348
  languageName: node
  linkType: hard

"is-positive@github:kevva/is-positive":
  version: 3.1.0
  resolution: "is-positive@https://github.com/kevva/is-positive.git#commit=97edff6f525f192a3f83cea1944765f769ae2678"
  checksum: cc3d3247d509d5c272122be98eac520d1622043a330efaf0ed18645497cdce57996feff8a4a98cba72c6ec20d967ab1e1301e9b97d28f099ce81307008447d70
  languageName: node
  linkType: hard

"is-positive@github:kevva/is-positive#semver=3.0.0":
  version: 3.0.0
  resolution: "is-positive@https://github.com/kevva/is-positive.git#commit=f0c336c9587d43d97932395b1d2798c298dad40b"
  checksum: 9ae70022a3197b53acdf059109ff7745c0538f9520d3bccde2f1563895f803cc00cdb3ce66a405f29a6de66cbe8fbf10bfe65c5b53569269b839e68a4895a2f4
  languageName: node
  linkType: hard

"left-pad@npm:1.3.0":
  version: 1.3.0
  resolution: "left-pad@npm:1.3.0"
  checksum: 13fa96e17b70a54836490de22d4bab706e2ed508338bbabecfac72ecce445a74139c5b009a8112252cab8fc4ab7ac4ebd870e5b35bd236b443b12be96f8745ac
  languageName: node
  linkType: hard

"left-pad@patch:left-pad@1.3.0#./my-patches/left-pad.patch::locator=berryscary%40workspace%3A.":
  version: 1.3.0
  resolution: "left-pad@patch:left-pad@npm%3A1.3.0#./my-patches/left-pad.patch::version=1.3.0&hash=629bda&locator=berryscary%40workspace%3A."
  checksum: 1fb795aff3df86466fa2063ce1db288da15de0db63c624a3d921abab6b3d079093b035c093382fc009afc07da33d65c97b6728ded0efedac999f6f6e1ddf13c3
  languageName: node
  linkType: hard

"old-man-from-scene-24@workspace:^, old-man-from-scene-24@workspace:packages/old-man-from-scene-24":
  version: 0.0.0-use.local
  resolution: "old-man-from-scene-24@workspace:packages/old-man-from-scene-24"
  languageName: unknown
  linkType: soft

"once-portal@portal:external-packages/once::locator=berryscary%40workspace%3A.":
  version: 0.0.0-use.local
  resolution: "once-portal@portal:external-packages/once::locator=berryscary%40workspace%3A."
  dependencies:
    wrappy: 1
  languageName: node
  linkType: soft

"proxy-from-env@npm:^1.1.0":
  version: 1.1.0
  resolution: "proxy-from-env@npm:1.1.0"
  checksum: ed7fcc2ba0a33404958e34d95d18638249a68c430e30fcb6c478497d72739ba64ce9810a24f53a7d921d0c065e5b78e3822759800698167256b04659366ca4d4
  languageName: node
  linkType: hard

"require-directory@npm:^2.1.1":
  version: 2.1.1
  resolution: "require-directory@npm:2.1.1"
  checksum: fb47e70bf0001fdeabdc0429d431863e9475e7e43ea5f94ad86503d918423c1543361cc5166d713eaa7029dd7a3d34775af04764bebff99ef413111a5af18c80
  languageName: node
  linkType: hard

"string-width@npm:^4.1.0, string-width@npm:^4.2.0, string-width@npm:^4.2.3":
  version: 4.2.3
  resolution: "string-width@npm:4.2.3"
  dependencies:
    emoji-regex: ^8.0.0
    is-fullwidth-code-point: ^3.0.0
    strip-ansi: ^6.0.1
  checksum: e52c10dc3fbfcd6c3a15f159f54a90024241d0f149cf8aed2982a2d801d2e64df0bf1dc351cf8e95c3319323f9f220c16e740b06faecd53e2462df1d2b5443fb
  languageName: node
  linkType: hard

"strip-ansi-tarball@file:../../external-packages/strip-ansi-4.0.0.tgz::locator=the-answer%40workspace%3Apackages%2Fthe-answer":
  version: 4.0.0
  resolution: "strip-ansi-tarball@file:../../external-packages/strip-ansi-4.0.0.tgz::locator=the-answer%40workspace%3Apackages%2Fthe-answer"
  dependencies:
    ansi-regex: ^3.0.0
  checksum: d67629c87783bc1138a64f6495439b40f568424a05e068c341b4fc330745e8ba6e7f93536549883054c1da58761f0ce6ab039a233014b38240304d3c45f85ac6
  languageName: node
  linkType: hard

"strip-ansi-tarball@file:external-packages/strip-ansi-4.0.0.tgz::locator=berryscary%40workspace%3A.":
  version: 4.0.0
  resolution: "strip-ansi-tarball@file:external-packages/strip-ansi-4.0.0.tgz::locator=berryscary%40workspace%3A."
  dependencies:
    ansi-regex: ^3.0.0
  checksum: d67629c87783bc1138a64f6495439b40f568424a05e068c341b4fc330745e8ba6e7f93536549883054c1da58761f0ce6ab039a233014b38240304d3c45f85ac6
  languageName: node
  linkType: hard

"strip-ansi@npm:^6.0.0, strip-ansi@npm:^6.0.1":
  version: 6.0.1
  resolution: "strip-ansi@npm:6.0.1"
  dependencies:
    ansi-regex: ^5.0.1
  checksum: f3cd25890aef3ba6e1a74e20896c21a46f482e93df4a06567cebf2b57edabb15133f1f94e57434e0a958d61186087b1008e89c94875d019910a213181a14fc8c
  languageName: node
  linkType: hard

"supports-color@npm:^7.0.0":
  version: 7.2.0
  resolution: "supports-color@npm:7.2.0"
  dependencies:
    has-flag: ^4.0.0
  checksum: 3dda818de06ebbe5b9653e07842d9479f3555ebc77e9a0280caf5a14fb877ffee9ed57007c3b78f5a6324b8dbeec648d9e97a24e2ed9fdb81ddc69ea07100f4a
  languageName: node
  linkType: hard

"supports-hyperlinks-folder@file:external-packages/supports-hyperlinks::locator=berryscary%40workspace%3A.":
  version: 3.0.0
  resolution: "supports-hyperlinks-folder@file:external-packages/supports-hyperlinks#external-packages/supports-hyperlinks::hash=cfa5f5&locator=berryscary%40workspace%3A."
  dependencies:
    has-flag: ^4.0.0
    supports-color: ^7.0.0
  checksum: dfb0b4a1f2a09850447219e5d72af479e7c85da90b60d11b2904cc59e36d13248ca4de1e05c13ecc583c41c9888d7589b6d4dbb941ce6d5acbac72a34f54414f
  languageName: node
  linkType: hard

"the-answer@workspace:packages/the-answer":
  version: 0.0.0-use.local
  resolution: "the-answer@workspace:packages/the-answer"
  dependencies:
    "@types/proxy-from-env": ^1
    "@types/yargs": ^17
    berryscary: "workspace:^"
    is-positive: "github:kevva/is-positive#semver=3.0.0"
    old-man-from-scene-24: "workspace:^"
    proxy-from-env: ^1.1.0
    strip-ansi-tarball: "file:../../external-packages/strip-ansi-4.0.0.tgz"
    yargs: ^17.7.2
  bin:
    the-answer: index.js
  languageName: unknown
  linkType: soft

"typescript@npm:^5.1.6":
  version: 5.1.6
  resolution: "typescript@npm:5.1.6"
  bin:
    tsc: bin/tsc
    tsserver: bin/tsserver
  checksum: b2f2c35096035fe1f5facd1e38922ccb8558996331405eb00a5111cc948b2e733163cc22fab5db46992aba7dd520fff637f2c1df4996ff0e134e77d3249a7350
  languageName: node
  linkType: hard

"typescript@patch:typescript@^5.1.6#~builtin<compat/typescript>":
  version: 5.1.6
  resolution: "typescript@patch:typescript@npm%3A5.1.6#~builtin<compat/typescript>::version=5.1.6&hash=5da071"
  bin:
    tsc: bin/tsc
    tsserver: bin/tsserver
  checksum: f53bfe97f7c8b2b6d23cf572750d4e7d1e0c5fff1c36d859d0ec84556a827b8785077bc27676bf7e71fae538e517c3ecc0f37e7f593be913d884805d931bc8be
  languageName: node
  linkType: hard

"wrap-ansi@npm:^7.0.0":
  version: 7.0.0
  resolution: "wrap-ansi@npm:7.0.0"
  dependencies:
    ansi-styles: ^4.0.0
    string-width: ^4.1.0
    strip-ansi: ^6.0.0
  checksum: a790b846fd4505de962ba728a21aaeda189b8ee1c7568ca5e817d85930e06ef8d1689d49dbf0e881e8ef84436af3a88bc49115c2e2788d841ff1b8b5b51a608b
  languageName: node
  linkType: hard

"wrappy@npm:1":
  version: 1.0.2
  resolution: "wrappy@npm:1.0.2"
  checksum: 159da4805f7e84a3d003d8841557196034155008f817172d4e986bd591f74aa82aa7db55929a54222309e01079a65a92a9e6414da5a6aa4b01ee44a511ac3ee5
  languageName: node
  linkType: hard

"y18n@npm:^5.0.5":
  version: 5.0.8
  resolution: "y18n@npm:5.0.8"
  checksum: 54f0fb95621ee60898a38c572c515659e51cc9d9f787fb109cef6fde4befbe1c4602dc999d30110feee37456ad0f1660fa2edcfde6a9a740f86a290999550d30
  languageName: node
  linkType: hard

"yargs-parser@npm:^21.1.1":
  version: 21.1.1
  resolution: "yargs-parser@npm:21.1.1"
  checksum: ed2d96a616a9e3e1cc7d204c62ecc61f7aaab633dcbfab2c6df50f7f87b393993fe6640d017759fe112d0cb1e0119f2b4150a87305cc873fd90831c6a58ccf1c
  languageName: node
  linkType: hard

"yargs@npm:^17.7.2":
  version: 17.7.2
  resolution: "yargs@npm:17.7.2"
  dependencies:
    cliui: ^8.0.1
    escalade: ^3.1.1
    get-caller-file: ^2.0.5
    require-directory: ^2.1.1
    string-width: ^4.2.3
    y18n: ^5.0.5
    yargs-parser: ^21.1.1
  checksum: 73b572e863aa4a8cbef323dd911d79d193b772defd5a51aab0aca2d446655216f5002c42c5306033968193bdbf892a7a4c110b0d77954a7fdf563e653967b56a
  languageName: node
  linkType: hard
