{
  "name": "npm-cachi2-third-package",
  "version": "1.0.0",
  "lockfileVersion": 3,
  "requires": true,
  "packages": {
    "": {
      "name": "npm-cachi2-third-package",
      "version": "1.0.0",
      "license": "ISC",
      "dependencies": {
        "cachito-npm-without-deps": "https://github.com/cachito-testing/cachito-npm-without-deps/raw/tarball/cachito-npm-without-deps-1.0.0.tgz",
        "chai": "4.2.0",
        "fecha": "file:fecha-4.2.3.tgz",
        "is-positive": "github:kevva/is-positive",
        "sax": "0.1.1"
      }
    },
    "node_modules/assertion-error": {
      "version": "1.1.0",
      "resolved": "https://registry.npmjs.org/assertion-error/-/assertion-error-1.1.0.tgz",
      "engines": {
        "node": "*"
      }
    },
    "node_modules/cachito-npm-without-deps": {
      "version": "1.0.0",
      "resolved": "https://github.com/cachito-testing/cachito-npm-without-deps/raw/tarball/cachito-npm-without-deps-1.0.0.tgz",
      "integrity": "sha512-Q+cfkK1fnrNJqxiig/iVSZTe83OWLdxhuGa96k1IJJ5nkTxrhNyh6MUZ6YHKH8xitDgpIQSojuntctt2pB7+3g=="
    },
    "node_modules/chai": {
      "version": "4.2.0",
      "resolved": "https://registry.npmjs.org/chai/-/chai-4.2.0.tgz",
      "dependencies": {
        "assertion-error": "^1.1.0",
        "check-error": "^1.0.2",
        "deep-eql": "^3.0.1",
        "get-func-name": "^2.0.0",
        "pathval": "^1.1.0",
        "type-detect": "^4.0.5"
      },
      "engines": {
        "node": ">=4"
      }
    },
    "node_modules/check-error": {
      "version": "1.0.2",
      "resolved": "https://registry.npmjs.org/check-error/-/check-error-1.0.2.tgz",
      "engines": {
        "node": "*"
      }
    },
    "node_modules/deep-eql": {
      "version": "3.0.1",
      "resolved": "https://registry.npmjs.org/deep-eql/-/deep-eql-3.0.1.tgz",
      "dependencies": {
        "type-detect": "^4.0.0"
      },
      "engines": {
        "node": ">=0.12"
      }
    },
    "node_modules/fecha": {
      "version": "4.2.3",
      "resolved": "file:fecha-4.2.3.tgz",
      "license": "MIT"
    },
    "node_modules/get-func-name": {
      "version": "2.0.2",
      "resolved": "https://registry.npmjs.org/get-func-name/-/get-func-name-2.0.2.tgz",
      "engines": {
        "node": "*"
      }
    },
    "node_modules/is-positive": {
      "version": "3.1.0",
      "resolved": "git+ssh://git@github.com/kevva/is-positive.git#97edff6f525f192a3f83cea1944765f769ae2678",
      "license": "MIT",
      "engines": {
        "node": ">=0.10.0"
      }
    },
    "node_modules/pathval": {
      "version": "1.1.1",
      "resolved": "https://registry.npmjs.org/pathval/-/pathval-1.1.1.tgz",
      "engines": {
        "node": "*"
      }
    },
    "node_modules/sax": {
      "version": "0.1.1",
      "resolved": "https://registry.npmjs.org/sax/-/sax-0.1.1.tgz",
      "engines": {
        "node": "*"
      }
    },
    "node_modules/type-detect": {
      "version": "4.0.8",
      "resolved": "https://registry.npmjs.org/type-detect/-/type-detect-4.0.8.tgz",
      "engines": {
        "node": ">=4"
      }
    }
  }
}
